
Microsoft Visual Studio Solution File, Format Version 12.00
# Visual Studio Version 16
VisualStudioVersion = 16.0.31005.135
MinimumVisualStudioVersion = 10.0.40219.1
Project("{FAE04EC0-301F-11D3-BF4B-00C04F79EFBC}") = "RiskManagement", "RiskManagement.csproj", "{2AFAE47B-62EC-46B4-862C-E65EA5E44845}"
EndProject
Global
	GlobalSection(SolutionConfigurationPlatforms) = preSolution
		Debug|Any CPU = Debug|Any CPU
		Release|Any CPU = Release|Any CPU
	EndGlobalSection
	GlobalSection(ProjectConfigurationPlatforms) = postSolution
		{2AFAE47B-62EC-46B4-862C-E65EA5E44845}.Debug|Any CPU.ActiveCfg = Debug|Any CPU
		{2AFAE47B-62EC-46B4-862C-E65EA5E44845}.Debug|Any CPU.Build.0 = Debug|Any CPU
		{2AFAE47B-62EC-46B4-862C-E65EA5E44845}.Release|Any CPU.ActiveCfg = Release|Any CPU
		{2AFAE47B-62EC-46B4-862C-E65EA5E44845}.Release|Any CPU.Build.0 = Release|Any CPU
	EndGlobalSection
	GlobalSection(SolutionProperties) = preSolution
		HideSolutionNode = FALSE
	EndGlobalSection
	GlobalSection(ExtensibilityGlobals) = postSolution
		SolutionGuid = {3AB54901-F892-4CBC-8B51-ADAD15F3A624}
	EndGlobalSection
EndGlobal
